
Microsoft Visual Studio Solution File, Format Version 12.00
# Visual Studio 15
VisualStudioVersion = 15.0.28307.421
MinimumVisualStudioVersion = 10.0.40219.1
Project("{FAE04EC0-301F-11D3-BF4B-00C04F79EFBC}") = "AuthorizationServer", "AuthorizationServer\AuthorizationServer.csproj", "{7D3A4300-C05C-48CF-A21C-F7EB51AFFD6A}"
EndProject
Global
	GlobalSection(SolutionConfigurationPlatforms) = preSolution
		Debug|Any CPU = Debug|Any CPU
		Release|Any CPU = Release|Any CPU
	EndGlobalSection
	GlobalSection(ProjectConfigurationPlatforms) = postSolution
		{7D3A4300-C05C-48CF-A21C-F7EB51AFFD6A}.Debug|Any CPU.ActiveCfg = Debug|Any CPU
		{7D3A4300-C05C-48CF-A21C-F7EB51AFFD6A}.Debug|Any CPU.Build.0 = Debug|Any CPU
		{7D3A4300-C05C-48CF-A21C-F7EB51AFFD6A}.Release|Any CPU.ActiveCfg = Release|Any CPU
		{7D3A4300-C05C-48CF-A21C-F7EB51AFFD6A}.Release|Any CPU.Build.0 = Release|Any CPU
	EndGlobalSection
	GlobalSection(SolutionProperties) = preSolution
		HideSolutionNode = FALSE
	EndGlobalSection
	GlobalSection(ExtensibilityGlobals) = postSolution
		SolutionGuid = {DA05A403-32C4-4B89-B008-E9F495E41DEA}
	EndGlobalSection
EndGlobal
